
Microsoft Visual Studio Solution File, Format Version 12.00
# Visual Studio Version 17
VisualStudioVersion = 17.14.36212.18 d17.14
MinimumVisualStudioVersion = 10.0.40219.1
Project("{FAE04EC0-301F-11D3-BF4B-00C04F79EFBC}") = "OOP02", "OOP02\OOP02.csproj", "{BEDE180E-7C07-454D-9F46-297F4789F3E3}"
EndProject
Global
	GlobalSection(SolutionConfigurationPlatforms) = preSolution
		Debug|Any CPU = Debug|Any CPU
		Release|Any CPU = Release|Any CPU
	EndGlobalSection
	GlobalSection(ProjectConfigurationPlatforms) = postSolution
		{BEDE180E-7C07-454D-9F46-297F4789F3E3}.Debug|Any CPU.ActiveCfg = Debug|Any CPU
		{BEDE180E-7C07-454D-9F46-297F4789F3E3}.Debug|Any CPU.Build.0 = Debug|Any CPU
		{BEDE180E-7C07-454D-9F46-297F4789F3E3}.Release|Any CPU.ActiveCfg = Release|Any CPU
		{BEDE180E-7C07-454D-9F46-297F4789F3E3}.Release|Any CPU.Build.0 = Release|Any CPU
	EndGlobalSection
	GlobalSection(SolutionProperties) = preSolution
		HideSolutionNode = FALSE
	EndGlobalSection
	GlobalSection(ExtensibilityGlobals) = postSolution
		SolutionGuid = {B1D3ACD8-3802-45DD-BD1C-32779254E3C9}
	EndGlobalSection
EndGlobal
